
Microsoft Visual Studio Solution File, Format Version 12.00
# Visual Studio 15
VisualStudioVersion = 15.0.28307.489
MinimumVisualStudioVersion = 10.0.40219.1
Project("{FAE04EC0-301F-11D3-BF4B-00C04F79EFBC}") = "TicTacToe.Android", "TicTacToe\TicTacToe.Android\TicTacToe.Android.csproj", "{D28FA461-C7B5-494C-9922-D8CBFCE3CDAC}"
EndProject
Project("{FAE04EC0-301F-11D3-BF4B-00C04F79EFBC}") = "TicTacToe.iOS", "TicTacToe\TicTacToe.iOS\TicTacToe.iOS.csproj", "{5E8C9275-2AB1-42E9-BF2F-6D8C978F124E}"
EndProject
Project("{FAE04EC0-301F-11D3-BF4B-00C04F79EFBC}") = "TicTacToe.UWP", "TicTacToe\TicTacToe.UWP\TicTacToe.UWP.csproj", "{A8A806BE-8068-47A7-B7AF-8C4B5D0DE92D}"
EndProject
Project("{FAE04EC0-301F-11D3-BF4B-00C04F79EFBC}") = "TicTacToe", "TicTacToe\TicTacToe\TicTacToe.csproj", "{75C6C933-61AC-420D-BE7F-4719F181C8D6}"
EndProject
Global
	GlobalSection(SolutionConfigurationPlatforms) = preSolution
		Ad-Hoc|Any CPU = Ad-Hoc|Any CPU
		Ad-Hoc|ARM = Ad-Hoc|ARM
		Ad-Hoc|iPhone = Ad-Hoc|iPhone
		Ad-Hoc|iPhoneSimulator = Ad-Hoc|iPhoneSimulator
		Ad-Hoc|x64 = Ad-Hoc|x64
		Ad-Hoc|x86 = Ad-Hoc|x86
		AppStore|Any CPU = AppStore|Any CPU
		AppStore|ARM = AppStore|ARM
		AppStore|iPhone = AppStore|iPhone
		AppStore|iPhoneSimulator = AppStore|iPhoneSimulator
		AppStore|x64 = AppStore|x64
		AppStore|x86 = AppStore|x86
		Debug|Any CPU = Debug|Any CPU
		Debug|ARM = Debug|ARM
		Debug|iPhone = Debug|iPhone
		Debug|iPhoneSimulator = Debug|iPhoneSimulator
		Debug|x64 = Debug|x64
		Debug|x86 = Debug|x86
		Release|Any CPU = Release|Any CPU
		Release|ARM = Release|ARM
		Release|iPhone = Release|iPhone
		Release|iPhoneSimulator = Release|iPhoneSimulator
		Release|x64 = Release|x64
		Release|x86 = Release|x86
	EndGlobalSection
	GlobalSection(ProjectConfigurationPlatforms) = postSolution
		{D28FA461-C7B5-494C-9922-D8CBFCE3CDAC}.Ad-Hoc|Any CPU.ActiveCfg = Release|Any CPU
		{D28FA461-C7B5-494C-9922-D8CBFCE3CDAC}.Ad-Hoc|Any CPU.Build.0 = Release|Any CPU
		{D28FA461-C7B5-494C-9922-D8CBFCE3CDAC}.Ad-Hoc|Any CPU.Deploy.0 = Release|Any CPU
		{D28FA461-C7B5-494C-9922-D8CBFCE3CDAC}.Ad-Hoc|ARM.ActiveCfg = Release|Any CPU
		{D28FA461-C7B5-494C-9922-D8CBFCE3CDAC}.Ad-Hoc|ARM.Build.0 = Release|Any CPU
		{D28FA461-C7B5-494C-9922-D8CBFCE3CDAC}.Ad-Hoc|ARM.Deploy.0 = Release|Any CPU
		{D28FA461-C7B5-494C-9922-D8CBFCE3CDAC}.Ad-Hoc|iPhone.ActiveCfg = Release|Any CPU
		{D28FA461-C7B5-494C-9922-D8CBFCE3CDAC}.Ad-Hoc|iPhone.Build.0 = Release|Any CPU
		{D28FA461-C7B5-494C-9922-D8CBFCE3CDAC}.Ad-Hoc|iPhone.Deploy.0 = Release|Any CPU
		{D28FA461-C7B5-494C-9922-D8CBFCE3CDAC}.Ad-Hoc|iPhoneSimulator.ActiveCfg = Release|Any CPU
		{D28FA461-C7B5-494C-9922-D8CBFCE3CDAC}.Ad-Hoc|iPhoneSimulator.Build.0 = Release|Any CPU
		{D28FA461-C7B5-494C-9922-D8CBFCE3CDAC}.Ad-Hoc|iPhoneSimulator.Deploy.0 = Release|Any CPU
		{D28FA461-C7B5-494C-9922-D8CBFCE3CDAC}.Ad-Hoc|x64.ActiveCfg = Release|Any CPU
		{D28FA461-C7B5-494C-9922-D8CBFCE3CDAC}.Ad-Hoc|x64.Build.0 = Release|Any CPU
		{D28FA461-C7B5-494C-9922-D8CBFCE3CDAC}.Ad-Hoc|x64.Deploy.0 = Release|Any CPU
		{D28FA461-C7B5-494C-9922-D8CBFCE3CDAC}.Ad-Hoc|x86.ActiveCfg = Release|Any CPU
		{D28FA461-C7B5-494C-9922-D8CBFCE3CDAC}.Ad-Hoc|x86.Build.0 = Release|Any CPU
		{D28FA461-C7B5-494C-9922-D8CBFCE3CDAC}.Ad-Hoc|x86.Deploy.0 = Release|Any CPU
		{D28FA461-C7B5-494C-9922-D8CBFCE3CDAC}.AppStore|Any CPU.ActiveCfg = Release|Any CPU
		{D28FA461-C7B5-494C-9922-D8CBFCE3CDAC}.AppStore|Any CPU.Build.0 = Release|Any CPU
		{D28FA461-C7B5-494C-9922-D8CBFCE3CDAC}.AppStore|Any CPU.Deploy.0 = Release|Any CPU
		{D28FA461-C7B5-494C-9922-D8CBFCE3CDAC}.AppStore|ARM.ActiveCfg = Release|Any CPU
		{D28FA461-C7B5-494C-9922-D8CBFCE3CDAC}.AppStore|ARM.Build.0 = Release|Any CPU
		{D28FA461-C7B5-494C-9922-D8CBFCE3CDAC}.AppStore|ARM.Deploy.0 = Release|Any CPU
		{D28FA461-C7B5-494C-9922-D8CBFCE3CDAC}.AppStore|iPhone.ActiveCfg = Release|Any CPU
		{D28FA461-C7B5-494C-9922-D8CBFCE3CDAC}.AppStore|iPhone.Build.0 = Release|Any CPU
		{D28FA461-C7B5-494C-9922-D8CBFCE3CDAC}.AppStore|iPhone.Deploy.0 = Release|Any CPU
		{D28FA461-C7B5-494C-9922-D8CBFCE3CDAC}.AppStore|iPhoneSimulator.ActiveCfg = Release|Any CPU
		{D28FA461-C7B5-494C-9922-D8CBFCE3CDAC}.AppStore|iPhoneSimulator.Build.0 = Release|Any CPU
		{D28FA461-C7B5-494C-9922-D8CBFCE3CDAC}.AppStore|iPhoneSimulator.Deploy.0 = Release|Any CPU
		{D28FA461-C7B5-494C-9922-D8CBFCE3CDAC}.AppStore|x64.ActiveCfg = Release|Any CPU
		{D28FA461-C7B5-494C-9922-D8CBFCE3CDAC}.AppStore|x64.Build.0 = Release|Any CPU
		{D28FA461-C7B5-494C-9922-D8CBFCE3CDAC}.AppStore|x64.Deploy.0 = Release|Any CPU
		{D28FA461-C7B5-494C-9922-D8CBFCE3CDAC}.AppStore|x86.ActiveCfg = Release|Any CPU
		{D28FA461-C7B5-494C-9922-D8CBFCE3CDAC}.AppStore|x86.Build.0 = Release|Any CPU
		{D28FA461-C7B5-494C-9922-D8CBFCE3CDAC}.AppStore|x86.Deploy.0 = Release|Any CPU
		{D28FA461-C7B5-494C-9922-D8CBFCE3CDAC}.Debug|Any CPU.ActiveCfg = Debug|Any CPU
		{D28FA461-C7B5-494C-9922-D8CBFCE3CDAC}.Debug|Any CPU.Build.0 = Debug|Any CPU
		{D28FA461-C7B5-494C-9922-D8CBFCE3CDAC}.Debug|Any CPU.Deploy.0 = Debug|Any CPU
		{D28FA461-C7B5-494C-9922-D8CBFCE3CDAC}.Debug|ARM.ActiveCfg = Debug|Any CPU
		{D28FA461-C7B5-494C-9922-D8CBFCE3CDAC}.Debug|ARM.Build.0 = Debug|Any CPU
		{D28FA461-C7B5-494C-9922-D8CBFCE3CDAC}.Debug|ARM.Deploy.0 = Debug|Any CPU
		{D28FA461-C7B5-494C-9922-D8CBFCE3CDAC}.Debug|iPhone.ActiveCfg = Debug|Any CPU
		{D28FA461-C7B5-494C-9922-D8CBFCE3CDAC}.Debug|iPhone.Build.0 = Debug|Any CPU
		{D28FA461-C7B5-494C-9922-D8CBFCE3CDAC}.Debug|iPhone.Deploy.0 = Debug|Any CPU
		{D28FA461-C7B5-494C-9922-D8CBFCE3CDAC}.Debug|iPhoneSimulator.ActiveCfg = Debug|Any CPU
		{D28FA461-C7B5-494C-9922-D8CBFCE3CDAC}.Debug|iPhoneSimulator.Build.0 = Debug|Any CPU
		{D28FA461-C7B5-494C-9922-D8CBFCE3CDAC}.Debug|iPhoneSimulator.Deploy.0 = Debug|Any CPU
		{D28FA461-C7B5-494C-9922-D8CBFCE3CDAC}.Debug|x64.ActiveCfg = Debug|Any CPU
		{D28FA461-C7B5-494C-9922-D8CBFCE3CDAC}.Debug|x64.Build.0 = Debug|Any CPU
		{D28FA461-C7B5-494C-9922-D8CBFCE3CDAC}.Debug|x64.Deploy.0 = Debug|Any CPU
		{D28FA461-C7B5-494C-9922-D8CBFCE3CDAC}.Debug|x86.ActiveCfg = Debug|Any CPU
		{D28FA461-C7B5-494C-9922-D8CBFCE3CDAC}.Debug|x86.Build.0 = Debug|Any CPU
		{D28FA461-C7B5-494C-9922-D8CBFCE3CDAC}.Debug|x86.Deploy.0 = Debug|Any CPU
		{D28FA461-C7B5-494C-9922-D8CBFCE3CDAC}.Release|Any CPU.ActiveCfg = Release|Any CPU
		{D28FA461-C7B5-494C-9922-D8CBFCE3CDAC}.Release|Any CPU.Build.0 = Release|Any CPU
		{D28FA461-C7B5-494C-9922-D8CBFCE3CDAC}.Release|Any CPU.Deploy.0 = Release|Any CPU
		{D28FA461-C7B5-494C-9922-D8CBFCE3CDAC}.Release|ARM.ActiveCfg = Release|Any CPU
		{D28FA461-C7B5-494C-9922-D8CBFCE3CDAC}.Release|ARM.Build.0 = Release|Any CPU
		{D28FA461-C7B5-494C-9922-D8CBFCE3CDAC}.Release|ARM.Deploy.0 = Release|Any CPU
		{D28FA461-C7B5-494C-9922-D8CBFCE3CDAC}.Release|iPhone.ActiveCfg = Release|Any CPU
		{D28FA461-C7B5-494C-9922-D8CBFCE3CDAC}.Release|iPhone.Build.0 = Release|Any CPU
		{D28FA461-C7B5-494C-9922-D8CBFCE3CDAC}.Release|iPhone.Deploy.0 = Release|Any CPU
		{D28FA461-C7B5-494C-9922-D8CBFCE3CDAC}.Release|iPhoneSimulator.ActiveCfg = Release|Any CPU
		{D28FA461-C7B5-494C-9922-D8CBFCE3CDAC}.Release|iPhoneSimulator.Build.0 = Release|Any CPU
		{D28FA461-C7B5-494C-9922-D8CBFCE3CDAC}.Release|iPhoneSimulator.Deploy.0 = Release|Any CPU
		{D28FA461-C7B5-494C-9922-D8CBFCE3CDAC}.Release|x64.ActiveCfg = Release|Any CPU
		{D28FA461-C7B5-494C-9922-D8CBFCE3CDAC}.Release|x64.Build.0 = Release|Any CPU
		{D28FA461-C7B5-494C-9922-D8CBFCE3CDAC}.Release|x64.Deploy.0 = Release|Any CPU
		{D28FA461-C7B5-494C-9922-D8CBFCE3CDAC}.Release|x86.ActiveCfg = Release|Any CPU
		{D28FA461-C7B5-494C-9922-D8CBFCE3CDAC}.Release|x86.Build.0 = Release|Any CPU
		{D28FA461-C7B5-494C-9922-D8CBFCE3CDAC}.Release|x86.Deploy.0 = Release|Any CPU
		{5E8C9275-2AB1-42E9-BF2F-6D8C978F124E}.Ad-Hoc|Any CPU.ActiveCfg = Ad-Hoc|iPhone
		{5E8C9275-2AB1-42E9-BF2F-6D8C978F124E}.Ad-Hoc|Any CPU.Build.0 = Ad-Hoc|iPhone
		{5E8C9275-2AB1-42E9-BF2F-6D8C978F124E}.Ad-Hoc|Any CPU.Deploy.0 = Ad-Hoc|iPhone
		{5E8C9275-2AB1-42E9-BF2F-6D8C978F124E}.Ad-Hoc|ARM.ActiveCfg = Ad-Hoc|iPhone
		{5E8C9275-2AB1-42E9-BF2F-6D8C978F124E}.Ad-Hoc|ARM.Build.0 = Ad-Hoc|iPhone
		{5E8C9275-2AB1-42E9-BF2F-6D8C978F124E}.Ad-Hoc|ARM.Deploy.0 = Ad-Hoc|iPhone
		{5E8C9275-2AB1-42E9-BF2F-6D8C978F124E}.Ad-Hoc|iPhone.ActiveCfg = Ad-Hoc|iPhone
		{5E8C9275-2AB1-42E9-BF2F-6D8C978F124E}.Ad-Hoc|iPhone.Build.0 = Ad-Hoc|iPhone
		{5E8C9275-2AB1-42E9-BF2F-6D8C978F124E}.Ad-Hoc|iPhone.Deploy.0 = Ad-Hoc|iPhone
		{5E8C9275-2AB1-42E9-BF2F-6D8C978F124E}.Ad-Hoc|iPhoneSimulator.ActiveCfg = Ad-Hoc|iPhoneSimulator
		{5E8C9275-2AB1-42E9-BF2F-6D8C978F124E}.Ad-Hoc|iPhoneSimulator.Build.0 = Ad-Hoc|iPhoneSimulator
		{5E8C9275-2AB1-42E9-BF2F-6D8C978F124E}.Ad-Hoc|iPhoneSimulator.Deploy.0 = Ad-Hoc|iPhoneSimulator
		{5E8C9275-2AB1-42E9-BF2F-6D8C978F124E}.Ad-Hoc|x64.ActiveCfg = Ad-Hoc|iPhone
		{5E8C9275-2AB1-42E9-BF2F-6D8C978F124E}.Ad-Hoc|x64.Build.0 = Ad-Hoc|iPhone
		{5E8C9275-2AB1-42E9-BF2F-6D8C978F124E}.Ad-Hoc|x64.Deploy.0 = Ad-Hoc|iPhone
		{5E8C9275-2AB1-42E9-BF2F-6D8C978F124E}.Ad-Hoc|x86.ActiveCfg = Ad-Hoc|iPhone
		{5E8C9275-2AB1-42E9-BF2F-6D8C978F124E}.Ad-Hoc|x86.Build.0 = Ad-Hoc|iPhone
		{5E8C9275-2AB1-42E9-BF2F-6D8C978F124E}.Ad-Hoc|x86.Deploy.0 = Ad-Hoc|iPhone
		{5E8C9275-2AB1-42E9-BF2F-6D8C978F124E}.AppStore|Any CPU.ActiveCfg = AppStore|iPhone
		{5E8C9275-2AB1-42E9-BF2F-6D8C978F124E}.AppStore|Any CPU.Build.0 = AppStore|iPhone
		{5E8C9275-2AB1-42E9-BF2F-6D8C978F124E}.AppStore|Any CPU.Deploy.0 = AppStore|iPhone
		{5E8C9275-2AB1-42E9-BF2F-6D8C978F124E}.AppStore|ARM.ActiveCfg = AppStore|iPhone
		{5E8C9275-2AB1-42E9-BF2F-6D8C978F124E}.AppStore|ARM.Build.0 = AppStore|iPhone
		{5E8C9275-2AB1-42E9-BF2F-6D8C978F124E}.AppStore|ARM.Deploy.0 = AppStore|iPhone
		{5E8C9275-2AB1-42E9-BF2F-6D8C978F124E}.AppStore|iPhone.ActiveCfg = AppStore|iPhone
		{5E8C9275-2AB1-42E9-BF2F-6D8C978F124E}.AppStore|iPhone.Build.0 = AppStore|iPhone
		{5E8C9275-2AB1-42E9-BF2F-6D8C978F124E}.AppStore|iPhone.Deploy.0 = AppStore|iPhone
		{5E8C9275-2AB1-42E9-BF2F-6D8C978F124E}.AppStore|iPhoneSimulator.ActiveCfg = AppStore|iPhoneSimulator
		{5E8C9275-2AB1-42E9-BF2F-6D8C978F124E}.AppStore|iPhoneSimulator.Build.0 = AppStore|iPhoneSimulator
		{5E8C9275-2AB1-42E9-BF2F-6D8C978F124E}.AppStore|iPhoneSimulator.Deploy.0 = AppStore|iPhoneSimulator
		{5E8C9275-2AB1-42E9-BF2F-6D8C978F124E}.AppStore|x64.ActiveCfg = AppStore|iPhone
		{5E8C9275-2AB1-42E9-BF2F-6D8C978F124E}.AppStore|x64.Build.0 = AppStore|iPhone
		{5E8C9275-2AB1-42E9-BF2F-6D8C978F124E}.AppStore|x64.Deploy.0 = AppStore|iPhone
		{5E8C9275-2AB1-42E9-BF2F-6D8C978F124E}.AppStore|x86.ActiveCfg = AppStore|iPhone
		{5E8C9275-2AB1-42E9-BF2F-6D8C978F124E}.AppStore|x86.Build.0 = AppStore|iPhone
		{5E8C9275-2AB1-42E9-BF2F-6D8C978F124E}.AppStore|x86.Deploy.0 = AppStore|iPhone
		{5E8C9275-2AB1-42E9-BF2F-6D8C978F124E}.Debug|Any CPU.ActiveCfg = Debug|iPhoneSimulator
		{5E8C9275-2AB1-42E9-BF2F-6D8C978F124E}.Debug|Any CPU.Build.0 = Debug|iPhoneSimulator
		{5E8C9275-2AB1-42E9-BF2F-6D8C978F124E}.Debug|Any CPU.Deploy.0 = Debug|iPhoneSimulator
		{5E8C9275-2AB1-42E9-BF2F-6D8C978F124E}.Debug|ARM.ActiveCfg = Debug|iPhone
		{5E8C9275-2AB1-42E9-BF2F-6D8C978F124E}.Debug|ARM.Build.0 = Debug|iPhone
		{5E8C9275-2AB1-42E9-BF2F-6D8C978F124E}.Debug|ARM.Deploy.0 = Debug|iPhone
		{5E8C9275-2AB1-42E9-BF2F-6D8C978F124E}.Debug|iPhone.ActiveCfg = Debug|iPhone
		{5E8C9275-2AB1-42E9-BF2F-6D8C978F124E}.Debug|iPhone.Build.0 = Debug|iPhone
		{5E8C9275-2AB1-42E9-BF2F-6D8C978F124E}.Debug|iPhone.Deploy.0 = Debug|iPhone
		{5E8C9275-2AB1-42E9-BF2F-6D8C978F124E}.Debug|iPhoneSimulator.ActiveCfg = Debug|iPhoneSimulator
		{5E8C9275-2AB1-42E9-BF2F-6D8C978F124E}.Debug|iPhoneSimulator.Build.0 = Debug|iPhoneSimulator
		{5E8C9275-2AB1-42E9-BF2F-6D8C978F124E}.Debug|iPhoneSimulator.Deploy.0 = Debug|iPhoneSimulator
		{5E8C9275-2AB1-42E9-BF2F-6D8C978F124E}.Debug|x64.ActiveCfg = Debug|iPhone
		{5E8C9275-2AB1-42E9-BF2F-6D8C978F124E}.Debug|x64.Build.0 = Debug|iPhone
		{5E8C9275-2AB1-42E9-BF2F-6D8C978F124E}.Debug|x64.Deploy.0 = Debug|iPhone
		{5E8C9275-2AB1-42E9-BF2F-6D8C978F124E}.Debug|x86.ActiveCfg = Debug|iPhone
		{5E8C9275-2AB1-42E9-BF2F-6D8C978F124E}.Debug|x86.Build.0 = Debug|iPhone
		{5E8C9275-2AB1-42E9-BF2F-6D8C978F124E}.Debug|x86.Deploy.0 = Debug|iPhone
		{5E8C9275-2AB1-42E9-BF2F-6D8C978F124E}.Release|Any CPU.ActiveCfg = Release|iPhone
		{5E8C9275-2AB1-42E9-BF2F-6D8C978F124E}.Release|Any CPU.Build.0 = Release|iPhone
		{5E8C9275-2AB1-42E9-BF2F-6D8C978F124E}.Release|Any CPU.Deploy.0 = Release|iPhone
		{5E8C9275-2AB1-42E9-BF2F-6D8C978F124E}.Release|ARM.ActiveCfg = Release|iPhone
		{5E8C9275-2AB1-42E9-BF2F-6D8C978F124E}.Release|ARM.Build.0 = Release|iPhone
		{5E8C9275-2AB1-42E9-BF2F-6D8C978F124E}.Release|ARM.Deploy.0 = Release|iPhone
		{5E8C9275-2AB1-42E9-BF2F-6D8C978F124E}.Release|iPhone.ActiveCfg = Release|iPhone
		{5E8C9275-2AB1-42E9-BF2F-6D8C978F124E}.Release|iPhone.Build.0 = Release|iPhone
		{5E8C9275-2AB1-42E9-BF2F-6D8C978F124E}.Release|iPhone.Deploy.0 = Release|iPhone
		{5E8C9275-2AB1-42E9-BF2F-6D8C978F124E}.Release|iPhoneSimulator.ActiveCfg = Release|iPhoneSimulator
		{5E8C9275-2AB1-42E9-BF2F-6D8C978F124E}.Release|iPhoneSimulator.Build.0 = Release|iPhoneSimulator
		{5E8C9275-2AB1-42E9-BF2F-6D8C978F124E}.Release|iPhoneSimulator.Deploy.0 = Release|iPhoneSimulator
		{5E8C9275-2AB1-42E9-BF2F-6D8C978F124E}.Release|x64.ActiveCfg = Release|iPhone
		{5E8C9275-2AB1-42E9-BF2F-6D8C978F124E}.Release|x64.Build.0 = Release|iPhone
		{5E8C9275-2AB1-42E9-BF2F-6D8C978F124E}.Release|x64.Deploy.0 = Release|iPhone
		{5E8C9275-2AB1-42E9-BF2F-6D8C978F124E}.Release|x86.ActiveCfg = Release|iPhone
		{5E8C9275-2AB1-42E9-BF2F-6D8C978F124E}.Release|x86.Build.0 = Release|iPhone
		{5E8C9275-2AB1-42E9-BF2F-6D8C978F124E}.Release|x86.Deploy.0 = Release|iPhone
		{A8A806BE-8068-47A7-B7AF-8C4B5D0DE92D}.Ad-Hoc|Any CPU.ActiveCfg = Release|x86
		{A8A806BE-8068-47A7-B7AF-8C4B5D0DE92D}.Ad-Hoc|Any CPU.Build.0 = Release|x86
		{A8A806BE-8068-47A7-B7AF-8C4B5D0DE92D}.Ad-Hoc|Any CPU.Deploy.0 = Release|x86
		{A8A806BE-8068-47A7-B7AF-8C4B5D0DE92D}.Ad-Hoc|ARM.ActiveCfg = Release|ARM
		{A8A806BE-8068-47A7-B7AF-8C4B5D0DE92D}.Ad-Hoc|ARM.Build.0 = Release|ARM
		{A8A806BE-8068-47A7-B7AF-8C4B5D0DE92D}.Ad-Hoc|ARM.Deploy.0 = Release|ARM
		{A8A806BE-8068-47A7-B7AF-8C4B5D0DE92D}.Ad-Hoc|iPhone.ActiveCfg = Release|x86
		{A8A806BE-8068-47A7-B7AF-8C4B5D0DE92D}.Ad-Hoc|iPhone.Build.0 = Release|x86
		{A8A806BE-8068-47A7-B7AF-8C4B5D0DE92D}.Ad-Hoc|iPhone.Deploy.0 = Release|x86
		{A8A806BE-8068-47A7-B7AF-8C4B5D0DE92D}.Ad-Hoc|iPhoneSimulator.ActiveCfg = Release|x86
		{A8A806BE-8068-47A7-B7AF-8C4B5D0DE92D}.Ad-Hoc|iPhoneSimulator.Build.0 = Release|x86
		{A8A806BE-8068-47A7-B7AF-8C4B5D0DE92D}.Ad-Hoc|iPhoneSimulator.Deploy.0 = Release|x86
		{A8A806BE-8068-47A7-B7AF-8C4B5D0DE92D}.Ad-Hoc|x64.ActiveCfg = Release|x64
		{A8A806BE-8068-47A7-B7AF-8C4B5D0DE92D}.Ad-Hoc|x64.Build.0 = Release|x64
		{A8A806BE-8068-47A7-B7AF-8C4B5D0DE92D}.Ad-Hoc|x64.Deploy.0 = Release|x64
		{A8A806BE-8068-47A7-B7AF-8C4B5D0DE92D}.Ad-Hoc|x86.ActiveCfg = Release|x86
		{A8A806BE-8068-47A7-B7AF-8C4B5D0DE92D}.Ad-Hoc|x86.Build.0 = Release|x86
		{A8A806BE-8068-47A7-B7AF-8C4B5D0DE92D}.Ad-Hoc|x86.Deploy.0 = Release|x86
		{A8A806BE-8068-47A7-B7AF-8C4B5D0DE92D}.AppStore|Any CPU.ActiveCfg = Release|x86
		{A8A806BE-8068-47A7-B7AF-8C4B5D0DE92D}.AppStore|Any CPU.Build.0 = Release|x86
		{A8A806BE-8068-47A7-B7AF-8C4B5D0DE92D}.AppStore|Any CPU.Deploy.0 = Release|x86
		{A8A806BE-8068-47A7-B7AF-8C4B5D0DE92D}.AppStore|ARM.ActiveCfg = Release|ARM
		{A8A806BE-8068-47A7-B7AF-8C4B5D0DE92D}.AppStore|ARM.Build.0 = Release|ARM
		{A8A806BE-8068-47A7-B7AF-8C4B5D0DE92D}.AppStore|ARM.Deploy.0 = Release|ARM
		{A8A806BE-8068-47A7-B7AF-8C4B5D0DE92D}.AppStore|iPhone.ActiveCfg = Release|x86
		{A8A806BE-8068-47A7-B7AF-8C4B5D0DE92D}.AppStore|iPhone.Build.0 = Release|x86
		{A8A806BE-8068-47A7-B7AF-8C4B5D0DE92D}.AppStore|iPhone.Deploy.0 = Release|x86
		{A8A806BE-8068-47A7-B7AF-8C4B5D0DE92D}.AppStore|iPhoneSimulator.ActiveCfg = Release|x86
		{A8A806BE-8068-47A7-B7AF-8C4B5D0DE92D}.AppStore|iPhoneSimulator.Build.0 = Release|x86
		{A8A806BE-8068-47A7-B7AF-8C4B5D0DE92D}.AppStore|iPhoneSimulator.Deploy.0 = Release|x86
		{A8A806BE-8068-47A7-B7AF-8C4B5D0DE92D}.AppStore|x64.ActiveCfg = Release|x64
		{A8A806BE-8068-47A7-B7AF-8C4B5D0DE92D}.AppStore|x64.Build.0 = Release|x64
		{A8A806BE-8068-47A7-B7AF-8C4B5D0DE92D}.AppStore|x64.Deploy.0 = Release|x64
		{A8A806BE-8068-47A7-B7AF-8C4B5D0DE92D}.AppStore|x86.ActiveCfg = Release|x86
		{A8A806BE-8068-47A7-B7AF-8C4B5D0DE92D}.AppStore|x86.Build.0 = Release|x86
		{A8A806BE-8068-47A7-B7AF-8C4B5D0DE92D}.AppStore|x86.Deploy.0 = Release|x86
		{A8A806BE-8068-47A7-B7AF-8C4B5D0DE92D}.Debug|Any CPU.ActiveCfg = Debug|x86
		{A8A806BE-8068-47A7-B7AF-8C4B5D0DE92D}.Debug|Any CPU.Build.0 = Debug|x86
		{A8A806BE-8068-47A7-B7AF-8C4B5D0DE92D}.Debug|Any CPU.Deploy.0 = Debug|x86
		{A8A806BE-8068-47A7-B7AF-8C4B5D0DE92D}.Debug|ARM.ActiveCfg = Debug|ARM
		{A8A806BE-8068-47A7-B7AF-8C4B5D0DE92D}.Debug|ARM.Build.0 = Debug|ARM
		{A8A806BE-8068-47A7-B7AF-8C4B5D0DE92D}.Debug|ARM.Deploy.0 = Debug|ARM
		{A8A806BE-8068-47A7-B7AF-8C4B5D0DE92D}.Debug|iPhone.ActiveCfg = Debug|x86
		{A8A806BE-8068-47A7-B7AF-8C4B5D0DE92D}.Debug|iPhone.Build.0 = Debug|x86
		{A8A806BE-8068-47A7-B7AF-8C4B5D0DE92D}.Debug|iPhone.Deploy.0 = Debug|x86
		{A8A806BE-8068-47A7-B7AF-8C4B5D0DE92D}.Debug|iPhoneSimulator.ActiveCfg = Debug|x86
		{A8A806BE-8068-47A7-B7AF-8C4B5D0DE92D}.Debug|iPhoneSimulator.Build.0 = Debug|x86
		{A8A806BE-8068-47A7-B7AF-8C4B5D0DE92D}.Debug|iPhoneSimulator.Deploy.0 = Debug|x86
		{A8A806BE-8068-47A7-B7AF-8C4B5D0DE92D}.Debug|x64.ActiveCfg = Debug|x64
		{A8A806BE-8068-47A7-B7AF-8C4B5D0DE92D}.Debug|x64.Build.0 = Debug|x64
		{A8A806BE-8068-47A7-B7AF-8C4B5D0DE92D}.Debug|x64.Deploy.0 = Debug|x64
		{A8A806BE-8068-47A7-B7AF-8C4B5D0DE92D}.Debug|x86.ActiveCfg = Debug|x86
		{A8A806BE-8068-47A7-B7AF-8C4B5D0DE92D}.Debug|x86.Build.0 = Debug|x86
		{A8A806BE-8068-47A7-B7AF-8C4B5D0DE92D}.Debug|x86.Deploy.0 = Debug|x86
		{A8A806BE-8068-47A7-B7AF-8C4B5D0DE92D}.Release|Any CPU.ActiveCfg = Release|x86
		{A8A806BE-8068-47A7-B7AF-8C4B5D0DE92D}.Release|Any CPU.Build.0 = Release|x86
		{A8A806BE-8068-47A7-B7AF-8C4B5D0DE92D}.Release|Any CPU.Deploy.0 = Release|x86
		{A8A806BE-8068-47A7-B7AF-8C4B5D0DE92D}.Release|ARM.ActiveCfg = Release|ARM
		{A8A806BE-8068-47A7-B7AF-8C4B5D0DE92D}.Release|ARM.Build.0 = Release|ARM
		{A8A806BE-8068-47A7-B7AF-8C4B5D0DE92D}.Release|ARM.Deploy.0 = Release|ARM
		{A8A806BE-8068-47A7-B7AF-8C4B5D0DE92D}.Release|iPhone.ActiveCfg = Release|x86
		{A8A806BE-8068-47A7-B7AF-8C4B5D0DE92D}.Release|iPhone.Build.0 = Release|x86
		{A8A806BE-8068-47A7-B7AF-8C4B5D0DE92D}.Release|iPhone.Deploy.0 = Release|x86
		{A8A806BE-8068-47A7-B7AF-8C4B5D0DE92D}.Release|iPhoneSimulator.ActiveCfg = Release|x86
		{A8A806BE-8068-47A7-B7AF-8C4B5D0DE92D}.Release|iPhoneSimulator.Build.0 = Release|x86
		{A8A806BE-8068-47A7-B7AF-8C4B5D0DE92D}.Release|iPhoneSimulator.Deploy.0 = Release|x86
		{A8A806BE-8068-47A7-B7AF-8C4B5D0DE92D}.Release|x64.ActiveCfg = Release|x64
		{A8A806BE-8068-47A7-B7AF-8C4B5D0DE92D}.Release|x64.Build.0 = Release|x64
		{A8A806BE-8068-47A7-B7AF-8C4B5D0DE92D}.Release|x64.Deploy.0 = Release|x64
		{A8A806BE-8068-47A7-B7AF-8C4B5D0DE92D}.Release|x86.ActiveCfg = Release|x86
		{A8A806BE-8068-47A7-B7AF-8C4B5D0DE92D}.Release|x86.Build.0 = Release|x86
		{A8A806BE-8068-47A7-B7AF-8C4B5D0DE92D}.Release|x86.Deploy.0 = Release|x86
		{75C6C933-61AC-420D-BE7F-4719F181C8D6}.Ad-Hoc|Any CPU.ActiveCfg = Debug|Any CPU
		{75C6C933-61AC-420D-BE7F-4719F181C8D6}.Ad-Hoc|Any CPU.Build.0 = Debug|Any CPU
		{75C6C933-61AC-420D-BE7F-4719F181C8D6}.Ad-Hoc|Any CPU.Deploy.0 = Debug|Any CPU
		{75C6C933-61AC-420D-BE7F-4719F181C8D6}.Ad-Hoc|ARM.ActiveCfg = Debug|Any CPU
		{75C6C933-61AC-420D-BE7F-4719F181C8D6}.Ad-Hoc|ARM.Build.0 = Debug|Any CPU
		{75C6C933-61AC-420D-BE7F-4719F181C8D6}.Ad-Hoc|ARM.Deploy.0 = Debug|Any CPU
		{75C6C933-61AC-420D-BE7F-4719F181C8D6}.Ad-Hoc|iPhone.ActiveCfg = Debug|Any CPU
		{75C6C933-61AC-420D-BE7F-4719F181C8D6}.Ad-Hoc|iPhone.Build.0 = Debug|Any CPU
		{75C6C933-61AC-420D-BE7F-4719F181C8D6}.Ad-Hoc|iPhone.Deploy.0 = Debug|Any CPU
		{75C6C933-61AC-420D-BE7F-4719F181C8D6}.Ad-Hoc|iPhoneSimulator.ActiveCfg = Debug|Any CPU
		{75C6C933-61AC-420D-BE7F-4719F181C8D6}.Ad-Hoc|iPhoneSimulator.Build.0 = Debug|Any CPU
		{75C6C933-61AC-420D-BE7F-4719F181C8D6}.Ad-Hoc|iPhoneSimulator.Deploy.0 = Debug|Any CPU
		{75C6C933-61AC-420D-BE7F-4719F181C8D6}.Ad-Hoc|x64.ActiveCfg = Debug|Any CPU
		{75C6C933-61AC-420D-BE7F-4719F181C8D6}.Ad-Hoc|x64.Build.0 = Debug|Any CPU
		{75C6C933-61AC-420D-BE7F-4719F181C8D6}.Ad-Hoc|x64.Deploy.0 = Debug|Any CPU
		{75C6C933-61AC-420D-BE7F-4719F181C8D6}.Ad-Hoc|x86.ActiveCfg = Debug|Any CPU
		{75C6C933-61AC-420D-BE7F-4719F181C8D6}.Ad-Hoc|x86.Build.0 = Debug|Any CPU
		{75C6C933-61AC-420D-BE7F-4719F181C8D6}.Ad-Hoc|x86.Deploy.0 = Debug|Any CPU
		{75C6C933-61AC-420D-BE7F-4719F181C8D6}.AppStore|Any CPU.ActiveCfg = Debug|Any CPU
		{75C6C933-61AC-420D-BE7F-4719F181C8D6}.AppStore|Any CPU.Build.0 = Debug|Any CPU
		{75C6C933-61AC-420D-BE7F-4719F181C8D6}.AppStore|Any CPU.Deploy.0 = Debug|Any CPU
		{75C6C933-61AC-420D-BE7F-4719F181C8D6}.AppStore|ARM.ActiveCfg = Debug|Any CPU
		{75C6C933-61AC-420D-BE7F-4719F181C8D6}.AppStore|ARM.Build.0 = Debug|Any CPU
		{75C6C933-61AC-420D-BE7F-4719F181C8D6}.AppStore|ARM.Deploy.0 = Debug|Any CPU
		{75C6C933-61AC-420D-BE7F-4719F181C8D6}.AppStore|iPhone.ActiveCfg = Debug|Any CPU
		{75C6C933-61AC-420D-BE7F-4719F181C8D6}.AppStore|iPhone.Build.0 = Debug|Any CPU
		{75C6C933-61AC-420D-BE7F-4719F181C8D6}.AppStore|iPhone.Deploy.0 = Debug|Any CPU
		{75C6C933-61AC-420D-BE7F-4719F181C8D6}.AppStore|iPhoneSimulator.ActiveCfg = Debug|Any CPU
		{75C6C933-61AC-420D-BE7F-4719F181C8D6}.AppStore|iPhoneSimulator.Build.0 = Debug|Any CPU
		{75C6C933-61AC-420D-BE7F-4719F181C8D6}.AppStore|iPhoneSimulator.Deploy.0 = Debug|Any CPU
		{75C6C933-61AC-420D-BE7F-4719F181C8D6}.AppStore|x64.ActiveCfg = Debug|Any CPU
		{75C6C933-61AC-420D-BE7F-4719F181C8D6}.AppStore|x64.Build.0 = Debug|Any CPU
		{75C6C933-61AC-420D-BE7F-4719F181C8D6}.AppStore|x64.Deploy.0 = Debug|Any CPU
		{75C6C933-61AC-420D-BE7F-4719F181C8D6}.AppStore|x86.ActiveCfg = Debug|Any CPU
		{75C6C933-61AC-420D-BE7F-4719F181C8D6}.AppStore|x86.Build.0 = Debug|Any CPU
		{75C6C933-61AC-420D-BE7F-4719F181C8D6}.AppStore|x86.Deploy.0 = Debug|Any CPU
		{75C6C933-61AC-420D-BE7F-4719F181C8D6}.Debug|Any CPU.ActiveCfg = Debug|Any CPU
		{75C6C933-61AC-420D-BE7F-4719F181C8D6}.Debug|Any CPU.Build.0 = Debug|Any CPU
		{75C6C933-61AC-420D-BE7F-4719F181C8D6}.Debug|Any CPU.Deploy.0 = Debug|Any CPU
		{75C6C933-61AC-420D-BE7F-4719F181C8D6}.Debug|ARM.ActiveCfg = Debug|Any CPU
		{75C6C933-61AC-420D-BE7F-4719F181C8D6}.Debug|ARM.Build.0 = Debug|Any CPU
		{75C6C933-61AC-420D-BE7F-4719F181C8D6}.Debug|ARM.Deploy.0 = Debug|Any CPU
		{75C6C933-61AC-420D-BE7F-4719F181C8D6}.Debug|iPhone.ActiveCfg = Debug|Any CPU
		{75C6C933-61AC-420D-BE7F-4719F181C8D6}.Debug|iPhone.Build.0 = Debug|Any CPU
		{75C6C933-61AC-420D-BE7F-4719F181C8D6}.Debug|iPhone.Deploy.0 = Debug|Any CPU
		{75C6C933-61AC-420D-BE7F-4719F181C8D6}.Debug|iPhoneSimulator.ActiveCfg = Debug|Any CPU
		{75C6C933-61AC-420D-BE7F-4719F181C8D6}.Debug|iPhoneSimulator.Build.0 = Debug|Any CPU
		{75C6C933-61AC-420D-BE7F-4719F181C8D6}.Debug|iPhoneSimulator.Deploy.0 = Debug|Any CPU
		{75C6C933-61AC-420D-BE7F-4719F181C8D6}.Debug|x64.ActiveCfg = Debug|Any CPU
		{75C6C933-61AC-420D-BE7F-4719F181C8D6}.Debug|x64.Build.0 = Debug|Any CPU
		{75C6C933-61AC-420D-BE7F-4719F181C8D6}.Debug|x64.Deploy.0 = Debug|Any CPU
		{75C6C933-61AC-420D-BE7F-4719F181C8D6}.Debug|x86.ActiveCfg = Debug|Any CPU
		{75C6C933-61AC-420D-BE7F-4719F181C8D6}.Debug|x86.Build.0 = Debug|Any CPU
		{75C6C933-61AC-420D-BE7F-4719F181C8D6}.Debug|x86.Deploy.0 = Debug|Any CPU
		{75C6C933-61AC-420D-BE7F-4719F181C8D6}.Release|Any CPU.ActiveCfg = Release|Any CPU
		{75C6C933-61AC-420D-BE7F-4719F181C8D6}.Release|Any CPU.Build.0 = Release|Any CPU
		{75C6C933-61AC-420D-BE7F-4719F181C8D6}.Release|Any CPU.Deploy.0 = Release|Any CPU
		{75C6C933-61AC-420D-BE7F-4719F181C8D6}.Release|ARM.ActiveCfg = Release|Any CPU
		{75C6C933-61AC-420D-BE7F-4719F181C8D6}.Release|ARM.Build.0 = Release|Any CPU
		{75C6C933-61AC-420D-BE7F-4719F181C8D6}.Release|ARM.Deploy.0 = Release|Any CPU
		{75C6C933-61AC-420D-BE7F-4719F181C8D6}.Release|iPhone.ActiveCfg = Release|Any CPU
		{75C6C933-61AC-420D-BE7F-4719F181C8D6}.Release|iPhone.Build.0 = Release|Any CPU
		{75C6C933-61AC-420D-BE7F-4719F181C8D6}.Release|iPhone.Deploy.0 = Release|Any CPU
		{75C6C933-61AC-420D-BE7F-4719F181C8D6}.Release|iPhoneSimulator.ActiveCfg = Release|Any CPU
		{75C6C933-61AC-420D-BE7F-4719F181C8D6}.Release|iPhoneSimulator.Build.0 = Release|Any CPU
		{75C6C933-61AC-420D-BE7F-4719F181C8D6}.Release|iPhoneSimulator.Deploy.0 = Release|Any CPU
		{75C6C933-61AC-420D-BE7F-4719F181C8D6}.Release|x64.ActiveCfg = Release|Any CPU
		{75C6C933-61AC-420D-BE7F-4719F181C8D6}.Release|x64.Build.0 = Release|Any CPU
		{75C6C933-61AC-420D-BE7F-4719F181C8D6}.Release|x64.Deploy.0 = Release|Any CPU
		{75C6C933-61AC-420D-BE7F-4719F181C8D6}.Release|x86.ActiveCfg = Release|Any CPU
		{75C6C933-61AC-420D-BE7F-4719F181C8D6}.Release|x86.Build.0 = Release|Any CPU
		{75C6C933-61AC-420D-BE7F-4719F181C8D6}.Release|x86.Deploy.0 = Release|Any CPU
	EndGlobalSection
	GlobalSection(SolutionProperties) = preSolution
		HideSolutionNode = FALSE
	EndGlobalSection
	GlobalSection(ExtensibilityGlobals) = postSolution
		SolutionGuid = {94BCB9BC-09A1-4EF5-910F-FEC0253A03C8}
	EndGlobalSection
EndGlobal
